// !$*UTF8*$!
{
	archiveVersion = 1;
	classes = {
	};
	objectVersion = 55;
	objects = {

/* Begin PBXBuildFile section */
		5B7C3FD42747DC3A0081E99C /* RoutineProgressView.swift in Sources */ = {isa = PBXBuildFile; fileRef = 5B7C3FD32747DC3A0081E99C /* RoutineProgressView.swift */; };
		5BBF035A274442B900E7F387 /* RoutineView.swift in Sources */ = {isa = PBXBuildFile; fileRef = 5BBF0359274442B900E7F387 /* RoutineView.swift */; };
		5BD40AB0274414E100CC6986 /* greenappApp.swift in Sources */ = {isa = PBXBuildFile; fileRef = 5BD40AAF274414E100CC6986 /* greenappApp.swift */; };
		5BD40AB2274414E100CC6986 /* ContentView.swift in Sources */ = {isa = PBXBuildFile; fileRef = 5BD40AB1274414E100CC6986 /* ContentView.swift */; };
		5BD40AB4274414E200CC6986 /* Assets.xcassets in Resources */ = {isa = PBXBuildFile; fileRef = 5BD40AB3274414E200CC6986 /* Assets.xcassets */; };
		5BD40AB7274414E200CC6986 /* Preview Assets.xcassets in Resources */ = {isa = PBXBuildFile; fileRef = 5BD40AB6274414E200CC6986 /* Preview Assets.xcassets */; };
		7754DFB227480D84008793BE /* InfographicView.swift in Sources */ = {isa = PBXBuildFile; fileRef = 7754DFB127480D84008793BE /* InfographicView.swift */; };
		7754DFB627480EF1008793BE /* EcojiView.swift in Sources */ = {isa = PBXBuildFile; fileRef = 7754DFB527480EF1008793BE /* EcojiView.swift */; };
/* End PBXBuildFile section */

/* Begin PBXFileReference section */
		5B7C3FD32747DC3A0081E99C /* RoutineProgressView.swift */ = {isa = PBXFileReference; lastKnownFileType = sourcecode.swift; path = RoutineProgressView.swift; sourceTree = "<group>"; };
		5BBF0359274442B900E7F387 /* RoutineView.swift */ = {isa = PBXFileReference; lastKnownFileType = sourcecode.swift; path = RoutineView.swift; sourceTree = "<group>"; };
		5BD40AAC274414E100CC6986 /* greenapp.app */ = {isa = PBXFileReference; explicitFileType = wrapper.application; includeInIndex = 0; path = greenapp.app; sourceTree = BUILT_PRODUCTS_DIR; };
		5BD40AAF274414E100CC6986 /* greenappApp.swift */ = {isa = PBXFileReference; lastKnownFileType = sourcecode.swift; path = greenappApp.swift; sourceTree = "<group>"; };
		5BD40AB1274414E100CC6986 /* ContentView.swift */ = {isa = PBXFileReference; lastKnownFileType = sourcecode.swift; path = ContentView.swift; sourceTree = "<group>"; };
		5BD40AB3274414E200CC6986 /* Assets.xcassets */ = {isa = PBXFileReference; lastKnownFileType = folder.assetcatalog; path = Assets.xcassets; sourceTree = "<group>"; };
		5BD40AB6274414E200CC6986 /* Preview Assets.xcassets */ = {isa = PBXFileReference; lastKnownFileType = folder.assetcatalog; path = "Preview Assets.xcassets"; sourceTree = "<group>"; };
		7754DFB127480D84008793BE /* InfographicView.swift */ = {isa = PBXFileReference; lastKnownFileType = sourcecode.swift; path = InfographicView.swift; sourceTree = "<group>"; };
		7754DFB527480EF1008793BE /* EcojiView.swift */ = {isa = PBXFileReference; lastKnownFileType = sourcecode.swift; path = EcojiView.swift; sourceTree = "<group>"; };
/* End PBXFileReference section */

/* Begin PBXFrameworksBuildPhase section */
		5BD40AA9274414E100CC6986 /* Frameworks */ = {
			isa = PBXFrameworksBuildPhase;
			buildActionMask = 2147483647;
			files = (
			);
			runOnlyForDeploymentPostprocessing = 0;
		};
/* End PBXFrameworksBuildPhase section */

/* Begin PBXGroup section */
		5BD40AA3274414E100CC6986 = {
			isa = PBXGroup;
			children = (
				5BD40AAE274414E100CC6986 /* greenapp */,
				5BD40AAD274414E100CC6986 /* Products */,
			);
			sourceTree = "<group>";
		};
		5BD40AAD274414E100CC6986 /* Products */ = {
			isa = PBXGroup;
			children = (
				5BD40AAC274414E100CC6986 /* greenapp.app */,
			);
			name = Products;
			sourceTree = "<group>";
		};
		5BD40AAE274414E100CC6986 /* greenapp */ = {
			isa = PBXGroup;
			children = (
				5BD40AAF274414E100CC6986 /* greenappApp.swift */,
				7754DFB127480D84008793BE /* InfographicView.swift */,
				5BD40AB1274414E100CC6986 /* ContentView.swift */,
				5BBF0359274442B900E7F387 /* RoutineView.swift */,
				5B7C3FD32747DC3A0081E99C /* RoutineProgressView.swift */,
				7754DFB527480EF1008793BE /* EcojiView.swift */,
				5BD40AB3274414E200CC6986 /* Assets.xcassets */,
				5BD40AB5274414E200CC6986 /* Preview Content */,
			);
			path = greenapp;
			sourceTree = "<group>";
		};
		5BD40AB5274414E200CC6986 /* Preview Content */ = {
			isa = PBXGroup;
			children = (
				5BD40AB6274414E200CC6986 /* Preview Assets.xcassets */,
			);
			path = "Preview Content";
			sourceTree = "<group>";
		};
/* End PBXGroup section */

/* Begin PBXNativeTarget section */
		5BD40AAB274414E100CC6986 /* greenapp */ = {
			isa = PBXNativeTarget;
			buildConfigurationList = 5BD40ABA274414E200CC6986 /* Build configuration list for PBXNativeTarget "greenapp" */;
			buildPhases = (
				5BD40AA8274414E100CC6986 /* Sources */,
				5BD40AA9274414E100CC6986 /* Frameworks */,
				5BD40AAA274414E100CC6986 /* Resources */,
			);
			buildRules = (
			);
			dependencies = (
			);
			name = greenapp;
			productName = greenapp;
			productReference = 5BD40AAC274414E100CC6986 /* greenapp.app */;
			productType = "com.apple.product-type.application";
		};
/* End PBXNativeTarget section */

/* Begin PBXProject section */
		5BD40AA4274414E100CC6986 /* Project object */ = {
			isa = PBXProject;
			attributes = {
				BuildIndependentTargetsInParallel = 1;
				LastSwiftUpdateCheck = 1310;
				LastUpgradeCheck = 1310;
				TargetAttributes = {
					5BD40AAB274414E100CC6986 = {
						CreatedOnToolsVersion = 13.1;
					};
				};
			};
			buildConfigurationList = 5BD40AA7274414E100CC6986 /* Build configuration list for PBXProject "greenapp" */;
			compatibilityVersion = "Xcode 13.0";
			developmentRegion = en;
			hasScannedForEncodings = 0;
			knownRegions = (
				en,
				Base,
			);
			mainGroup = 5BD40AA3274414E100CC6986;
			productRefGroup = 5BD40AAD274414E100CC6986 /* Products */;
			projectDirPath = "";
			projectRoot = "";
			targets = (
				5BD40AAB274414E100CC6986 /* greenapp */,
			);
		};
/* End PBXProject section */

/* Begin PBXResourcesBuildPhase section */
		5BD40AAA274414E100CC6986 /* Resources */ = {
			isa = PBXResourcesBuildPhase;
			buildActionMask = 2147483647;
			files = (
				5BD40AB7274414E200CC6986 /* Preview Assets.xcassets in Resources */,
				5BD40AB4274414E200CC6986 /* Assets.xcassets in Resources */,
			);
			runOnlyForDeploymentPostprocessing = 0;
		};
/* End PBXResourcesBuildPhase section */

/* Begin PBXSourcesBuildPhase section */
		5BD40AA8274414E100CC6986 /* Sources */ = {
			isa = PBXSourcesBuildPhase;
			buildActionMask = 2147483647;
			files = (
				5BBF035A274442B900E7F387 /* RoutineView.swift in Sources */,
				7754DFB627480EF1008793BE /* EcojiView.swift in Sources */,
				5BD40AB2274414E100CC6986 /* ContentView.swift in Sources */,
				5B7C3FD42747DC3A0081E99C /* RoutineProgressView.swift in Sources */,
				7754DFB227480D84008793BE /* InfographicView.swift in Sources */,
				5BD40AB0274414E100CC6986 /* greenappApp.swift in Sources */,
			);
			runOnlyForDeploymentPostprocessing = 0;
		};
/* End PBXSourcesBuildPhase section */

/* Begin XCBuildConfiguration section */
		5BD40AB8274414E200CC6986 /* Debug */ = {
			isa = XCBuildConfiguration;
			buildSettings = {
				ALWAYS_SEARCH_USER_PATHS = NO;
				CLANG_ANALYZER_NONNULL = YES;
				CLANG_ANALYZER_NUMBER_OBJECT_CONVERSION = YES_AGGRESSIVE;
				CLANG_CXX_LANGUAGE_STANDARD = "gnu++17";
				CLANG_CXX_LIBRARY = "libc++";
				CLANG_ENABLE_MODULES = YES;
				CLANG_ENABLE_OBJC_ARC = YES;
				CLANG_ENABLE_OBJC_WEAK = YES;
				CLANG_WARN_BLOCK_CAPTURE_AUTORELEASING = YES;
				CLANG_WARN_BOOL_CONVERSION = YES;
				CLANG_WARN_COMMA = YES;
				CLANG_WARN_CONSTANT_CONVERSION = YES;
				CLANG_WARN_DEPRECATED_OBJC_IMPLEMENTATIONS = YES;
				CLANG_WARN_DIRECT_OBJC_ISA_USAGE = YES_ERROR;
				CLANG_WARN_DOCUMENTATION_COMMENTS = YES;
				CLANG_WARN_EMPTY_BODY = YES;
				CLANG_WARN_ENUM_CONVERSION = YES;
				CLANG_WARN_INFINITE_RECURSION = YES;
				CLANG_WARN_INT_CONVERSION = YES;
				CLANG_WARN_NON_LITERAL_NULL_CONVERSION = YES;
				CLANG_WARN_OBJC_IMPLICIT_RETAIN_SELF = YES;
				CLANG_WARN_OBJC_LITERAL_CONVERSION = YES;
				CLANG_WARN_OBJC_ROOT_CLASS = YES_ERROR;
				CLANG_WARN_QUOTED_INCLUDE_IN_FRAMEWORK_HEADER = YES;
				CLANG_WARN_RANGE_LOOP_ANALYSIS = YES;
				CLANG_WARN_STRICT_PROTOTYPES = YES;
				CLANG_WARN_SUSPICIOUS_MOVE = YES;
				CLANG_WARN_UNGUARDED_AVAILABILITY = YES_AGGRESSIVE;
				CLANG_WARN_UNREACHABLE_CODE = YES;
				CLANG_WARN__DUPLICATE_METHOD_MATCH = YES;
				COPY_PHASE_STRIP = NO;
				DEBUG_INFORMATION_FORMAT = dwarf;
				ENABLE_STRICT_OBJC_MSGSEND = YES;
				ENABLE_TESTABILITY = YES;
				GCC_C_LANGUAGE_STANDARD = gnu11;
				GCC_DYNAMIC_NO_PIC = NO;
				GCC_NO_COMMON_BLOCKS = YES;
				GCC_OPTIMIZATION_LEVEL = 0;
				GCC_PREPROCESSOR_DEFINITIONS = (
					"DEBUG=1",
					"$(inherited)",
				);
				GCC_WARN_64_TO_32_BIT_CONVERSION = YES;
				GCC_WARN_ABOUT_RETURN_TYPE = YES_ERROR;
				GCC_WARN_UNDECLARED_SELECTOR = YES;
				GCC_WARN_UNINITIALIZED_AUTOS = YES_AGGRESSIVE;
				GCC_WARN_UNUSED_FUNCTION = YES;
				GCC_WARN_UNUSED_VARIABLE = YES;
				IPHONEOS_DEPLOYMENT_TARGET = 15.0;
				MTL_ENABLE_DEBUG_INFO = INCLUDE_SOURCE;
				MTL_FAST_MATH = YES;
				ONLY_ACTIVE_ARCH = YES;
				SDKROOT = iphoneos;
				SWIFT_ACTIVE_COMPILATION_CONDITIONS = DEBUG;
				SWIFT_OPTIMIZATION_LEVEL = "-Onone";
			};
			name = Debug;
		};
		5BD40AB9274414E200CC6986 /* Release */ = {
			isa = XCBuildConfiguration;
			buildSettings = {
				ALWAYS_SEARCH_USER_PATHS = NO;
				CLANG_ANALYZER_NONNULL = YES;
				CLANG_ANALYZER_NUMBER_OBJECT_CONVERSION = YES_AGGRESSIVE;
				CLANG_CXX_LANGUAGE_STANDARD = "gnu++17";
				CLANG_CXX_LIBRARY = "libc++";
				CLANG_ENABLE_MODULES = YES;
				CLANG_ENABLE_OBJC_ARC = YES;
				CLANG_ENABLE_OBJC_WEAK = YES;
				CLANG_WARN_BLOCK_CAPTURE_AUTORELEASING = YES;
				CLANG_WARN_BOOL_CONVERSION = YES;
				CLANG_WARN_COMMA = YES;
				CLANG_WARN_CONSTANT_CONVERSION = YES;
				CLANG_WARN_DEPRECATED_OBJC_IMPLEMENTATIONS = YES;
				CLANG_WARN_DIRECT_OBJC_ISA_USAGE = YES_ERROR;
				CLANG_WARN_DOCUMENTATION_COMMENTS = YES;
				CLANG_WARN_EMPTY_BODY = YES;
				CLANG_WARN_ENUM_CONVERSION = YES;
				CLANG_WARN_INFINITE_RECURSION = YES;
				CLANG_WARN_INT_CONVERSION = YES;
				CLANG_WARN_NON_LITERAL_NULL_CONVERSION = YES;
				CLANG_WARN_OBJC_IMPLICIT_RETAIN_SELF = YES;
				CLANG_WARN_OBJC_LITERAL_CONVERSION = YES;
				CLANG_WARN_OBJC_ROOT_CLASS = YES_ERROR;
				CLANG_WARN_QUOTED_INCLUDE_IN_FRAMEWORK_HEADER = YES;
				CLANG_WARN_RANGE_LOOP_ANALYSIS = YES;
				CLANG_WARN_STRICT_PROTOTYPES = YES;
				CLANG_WARN_SUSPICIOUS_MOVE = YES;
				CLANG_WARN_UNGUARDED_AVAILABILITY = YES_AGGRESSIVE;
				CLANG_WARN_UNREACHABLE_CODE = YES;
				CLANG_WARN__DUPLICATE_METHOD_MATCH = YES;
				COPY_PHASE_STRIP = NO;
				DEBUG_INFORMATION_FORMAT = "dwarf-with-dsym";
				ENABLE_NS_ASSERTIONS = NO;
				ENABLE_STRICT_OBJC_MSGSEND = YES;
				GCC_C_LANGUAGE_STANDARD = gnu11;
				GCC_NO_COMMON_BLOCKS = YES;
				GCC_WARN_64_TO_32_BIT_CONVERSION = YES;
				GCC_WARN_ABOUT_RETURN_TYPE = YES_ERROR;
				GCC_WARN_UNDECLARED_SELECTOR = YES;
				GCC_WARN_UNINITIALIZED_AUTOS = YES_AGGRESSIVE;
				GCC_WARN_UNUSED_FUNCTION = YES;
				GCC_WARN_UNUSED_VARIABLE = YES;
				IPHONEOS_DEPLOYMENT_TARGET = 15.0;
				MTL_ENABLE_DEBUG_INFO = NO;
				MTL_FAST_MATH = YES;
				SDKROOT = iphoneos;
				SWIFT_COMPILATION_MODE = wholemodule;
				SWIFT_OPTIMIZATION_LEVEL = "-O";
				VALIDATE_PRODUCT = YES;
			};
			name = Release;
		};
		5BD40ABB274414E200CC6986 /* Debug */ = {
			isa = XCBuildConfiguration;
			buildSettings = {
				ASSETCATALOG_COMPILER_APPICON_NAME = AppIcon;
				ASSETCATALOG_COMPILER_GLOBAL_ACCENT_COLOR_NAME = AccentColor;
				CODE_SIGN_STYLE = Automatic;
				CURRENT_PROJECT_VERSION = 1;
				DEVELOPMENT_ASSET_PATHS = "\"greenapp/Preview Content\"";
				DEVELOPMENT_TEAM = BYJ9D8GBWM;
				ENABLE_PREVIEWS = YES;
				GENERATE_INFOPLIST_FILE = YES;
				INFOPLIST_KEY_UIApplicationSceneManifest_Generation = YES;
				INFOPLIST_KEY_UIApplicationSupportsIndirectInputEvents = YES;
				INFOPLIST_KEY_UILaunchScreen_Generation = YES;
				INFOPLIST_KEY_UISupportedInterfaceOrientations = UIInterfaceOrientationPortrait;
				INFOPLIST_KEY_UISupportedInterfaceOrientations_iPad = "UIInterfaceOrientationPortrait UIInterfaceOrientationPortraitUpsideDown UIInterfaceOrientationLandscapeLeft UIInterfaceOrientationLandscapeRight";
				INFOPLIST_KEY_UISupportedInterfaceOrientations_iPhone = "UIInterfaceOrientationPortrait UIInterfaceOrientationLandscapeLeft UIInterfaceOrientationLandscapeRight";
				LD_RUNPATH_SEARCH_PATHS = (
					"$(inherited)",
					"@executable_path/Frameworks",
				);
				MARKETING_VERSION = 1.0;
				PRODUCT_BUNDLE_IDENTIFIER = io.marceloesposito.greenapp;
				PRODUCT_NAME = "$(TARGET_NAME)";
				SWIFT_EMIT_LOC_STRINGS = YES;
				SWIFT_VERSION = 5.0;
				TARGETED_DEVICE_FAMILY = "1,2";
			};
			name = Debug;
		};
		5BD40ABC274414E200CC6986 /* Release */ = {
			isa = XCBuildConfiguration;
			buildSettings = {
				ASSETCATALOG_COMPILER_APPICON_NAME = AppIcon;
				ASSETCATALOG_COMPILER_GLOBAL_ACCENT_COLOR_NAME = AccentColor;
				CODE_SIGN_STYLE = Automatic;
				CURRENT_PROJECT_VERSION = 1;
				DEVELOPMENT_ASSET_PATHS = "\"greenapp/Preview Content\"";
				DEVELOPMENT_TEAM = BYJ9D8GBWM;
				ENABLE_PREVIEWS = YES;
				GENERATE_INFOPLIST_FILE = YES;
				INFOPLIST_KEY_UIApplicationSceneManifest_Generation = YES;
				INFOPLIST_KEY_UIApplicationSupportsIndirectInputEvents = YES;
				INFOPLIST_KEY_UILaunchScreen_Generation = YES;
				INFOPLIST_KEY_UISupportedInterfaceOrientations = UIInterfaceOrientationPortrait;
				INFOPLIST_KEY_UISupportedInterfaceOrientations_iPad = "UIInterfaceOrientationPortrait UIInterfaceOrientationPortraitUpsideDown UIInterfaceOrientationLandscapeLeft UIInterfaceOrientationLandscapeRight";
				INFOPLIST_KEY_UISupportedInterfaceOrientations_iPhone = "UIInterfaceOrientationPortrait UIInterfaceOrientationLandscapeLeft UIInterfaceOrientationLandscapeRight";
				LD_RUNPATH_SEARCH_PATHS = (
					"$(inherited)",
					"@executable_path/Frameworks",
				);
				MARKETING_VERSION = 1.0;
				PRODUCT_BUNDLE_IDENTIFIER = io.marceloesposito.greenapp;
				PRODUCT_NAME = "$(TARGET_NAME)";
				SWIFT_EMIT_LOC_STRINGS = YES;
				SWIFT_VERSION = 5.0;
				TARGETED_DEVICE_FAMILY = "1,2";
			};
			name = Release;
		};
/* End XCBuildConfiguration section */

/* Begin XCConfigurationList section */
		5BD40AA7274414E100CC6986 /* Build configuration list for PBXProject "greenapp" */ = {
			isa = XCConfigurationList;
			buildConfigurations = (
				5BD40AB8274414E200CC6986 /* Debug */,
				5BD40AB9274414E200CC6986 /* Release */,
			);
			defaultConfigurationIsVisible = 0;
			defaultConfigurationName = Release;
		};
		5BD40ABA274414E200CC6986 /* Build configuration list for PBXNativeTarget "greenapp" */ = {
			isa = XCConfigurationList;
			buildConfigurations = (
				5BD40ABB274414E200CC6986 /* Debug */,
				5BD40ABC274414E200CC6986 /* Release */,
			);
			defaultConfigurationIsVisible = 0;
			defaultConfigurationName = Release;
		};
/* End XCConfigurationList section */
	};
	rootObject = 5BD40AA4274414E100CC6986 /* Project object */;
}
